version = 1
revision = 3
requires-python = ">=3.14"

[[package]]
name = "bpe-tokenizer-py"
version = "0.1.0"
source = { editable = "." }
dependencies = [
    { name = "psutil" },
    { name = "pytest" },
    { name = "regex" },
    { name = "tiktoken" },
]

[package.metadata]
requires-dist = [
    { name = "psutil", specifier = ">=7.2.2" },
    { name = "pytest", specifier = ">=9.0.2" },
    { name = "regex", specifier = ">=2026.2.19" },
    { name = "tiktoken", specifier = ">=0.12.0" },
]

[[package]]
name = "certifi"
version = "2026.1.4"
source = { registry = "https://pypi.org/simple" }
sdist = { url = "https://files.pythonhosted.org/packages/e0/2d/a891ca51311197f6ad14a7ef42e2399f36cf2f9bd44752b3dc4eab60fdc5/certifi-2026.1.4.tar.gz", hash = "sha256:ac726dd470482006e014ad384921ed6438c457018f4b3d204aea4281258b2120", size = 154268, upload-time = "2026-01-04T02:42:41.825Z" }
wheels = [
    { url = "https://files.pythonhosted.org/packages/e6/ad/3cc14f097111b4de0040c83a525973216457bbeeb63739ef1ed275c1c021/certifi-2026.1.4-py3-none-any.whl", hash = "sha256:9943707519e4add1115f44c2bc244f782c0249876bf51b6599fee1ffbedd685c", size = 152900, upload-time = "2026-01-04T02:42:40.15Z" },
]

[[package]]
name = "charset-normalizer"
version = "3.4.4"
source = { registry = "https://pypi.org/simple" }
sdist = { url = "https://files.pythonhosted.org/packages/13/69/33ddede1939fdd074bce5434295f38fae7136463422fe4fd3e0e89b98062/charset_normalizer-3.4.4.tar.gz", hash = "sha256:94537985111c35f28720e43603b8e7b43a6ecfb2ce1d3058bbe955b73404e21a", size = 129418, upload-time = "2025-10-14T04:42:32.879Z" }
wheels = [
    { url = "https://files.pythonhosted.org/packages/2a/35/7051599bd493e62411d6ede36fd5af83a38f37c4767b92884df7301db25d/charset_normalizer-3.4.4-cp314-cp314-macosx_10_13_universal2.whl", hash = "sha256:da3326d9e65ef63a817ecbcc0df6e94463713b754fe293eaa03da99befb9a5bd", size = 207746, upload-time = "2025-10-14T04:41:33.773Z" },
    { url = "https://files.pythonhosted.org/packages/10/9a/97c8d48ef10d6cd4fcead2415523221624bf58bcf68a802721a6bc807c8f/charset_normalizer-3.4.4-cp314-cp314-manylinux2014_aarch64.manylinux_2_17_aarch64.manylinux_2_28_aarch64.whl", hash = "sha256:8af65f14dc14a79b924524b1e7fffe304517b2bff5a58bf64f30b98bbc5079eb", size = 147889, upload-time = "2025-10-14T04:41:34.897Z" },
    { url = "https://files.pythonhosted.org/packages/10/bf/979224a919a1b606c82bd2c5fa49b5c6d5727aa47b4312bb27b1734f53cd/charset_normalizer-3.4.4-cp314-cp314-manylinux2014_armv7l.manylinux_2_17_armv7l.manylinux_2_31_armv7l.whl", hash = "sha256:74664978bb272435107de04e36db5a9735e78232b85b77d45cfb38f758efd33e", size = 143641, upload-time = "2025-10-14T04:41:36.116Z" },
    { url = "https://files.pythonhosted.org/packages/ba/33/0ad65587441fc730dc7bd90e9716b30b4702dc7b617e6ba4997dc8651495/charset_normalizer-3.4.4-cp314-cp314-manylinux2014_ppc64le.manylinux_2_17_ppc64le.manylinux_2_28_ppc64le.whl", hash = "sha256:752944c7ffbfdd10c074dc58ec2d5a8a4cd9493b314d367c14d24c17684ddd14", size = 160779, upload-time = "2025-10-14T04:41:37.229Z" },
    { url = "https://files.pythonhosted.org/packages/67/ed/331d6b249259ee71ddea93f6f2f0a56cfebd46938bde6fcc6f7b9a3d0e09/charset_normalizer-3.4.4-cp314-cp314-manylinux2014_s390x.manylinux_2_17_s390x.manylinux_2_28_s390x.whl", hash = "sha256:d1f13550535ad8cff21b8d757a3257963e951d96e20ec82ab44bc64aeb62a191", size = 159035, upload-time = "2025-10-14T04:41:38.368Z" },
    { url = "https://files.pythonhosted.org/packages/67/ff/f6b948ca32e4f2a4576aa129d8bed61f2e0543bf9f5f2b7fc3758ed005c9/charset_normalizer-3.4.4-cp314-cp314-manylinux2014_x86_64.manylinux_2_17_x86_64.manylinux_2_28_x86_64.whl", hash = "sha256:ecaae4149d99b1c9e7b88bb03e3221956f68fd6d50be2ef061b2381b61d20838", size = 152542, upload-time = "2025-10-14T04:41:39.862Z" },
    { url = "https://files.pythonhosted.org/packages/16/85/276033dcbcc369eb176594de22728541a925b2632f9716428c851b149e83/charset_normalizer-3.4.4-cp314-cp314-manylinux_2_31_riscv64.manylinux_2_39_riscv64.whl", hash = "sha256:cb6254dc36b47a990e59e1068afacdcd02958bdcce30bb50cc1700a8b9d624a6", size = 149524, upload-time = "2025-10-14T04:41:41.319Z" },
    { url = "https://files.pythonhosted.org/packages/9e/f2/6a2a1f722b6aba37050e626530a46a68f74e63683947a8acff92569f979a/charset_normalizer-3.4.4-cp314-cp314-musllinux_1_2_aarch64.whl", hash = "sha256:c8ae8a0f02f57a6e61203a31428fa1d677cbe50c93622b4149d5c0f319c1d19e", size = 150395, upload-time = "2025-10-14T04:41:42.539Z" },
    { url = "https://files.pythonhosted.org/packages/60/bb/2186cb2f2bbaea6338cad15ce23a67f9b0672929744381e28b0592676824/charset_normalizer-3.4.4-cp314-cp314-musllinux_1_2_armv7l.whl", hash = "sha256:47cc91b2f4dd2833fddaedd2893006b0106129d4b94fdb6af1f4ce5a9965577c", size = 143680, upload-time = "2025-10-14T04:41:43.661Z" },
    { url = "https://files.pythonhosted.org/packages/7d/a5/bf6f13b772fbb2a90360eb620d52ed8f796f3c5caee8398c3b2eb7b1c60d/charset_normalizer-3.4.4-cp314-cp314-musllinux_1_2_ppc64le.whl", hash = "sha256:82004af6c302b5d3ab2cfc4cc5f29db16123b1a8417f2e25f9066f91d4411090", size = 162045, upload-time = "2025-10-14T04:41:44.821Z" },
    { url = "https://files.pythonhosted.org/packages/df/c5/d1be898bf0dc3ef9030c3825e5d3b83f2c528d207d246cbabe245966808d/charset_normalizer-3.4.4-cp314-cp314-musllinux_1_2_riscv64.whl", hash = "sha256:2b7d8f6c26245217bd2ad053761201e9f9680f8ce52f0fcd8d0755aeae5b2152", size = 149687, upload-time = "2025-10-14T04:41:46.442Z" },
    { url = "https://files.pythonhosted.org/packages/a5/42/90c1f7b9341eef50c8a1cb3f098ac43b0508413f33affd762855f67a410e/charset_normalizer-3.4.4-cp314-cp314-musllinux_1_2_s390x.whl", hash = "sha256:799a7a5e4fb2d5898c60b640fd4981d6a25f1c11790935a44ce38c54e985f828", size = 160014, upload-time = "2025-10-14T04:41:47.631Z" },
    { url = "https://files.pythonhosted.org/packages/76/be/4d3ee471e8145d12795ab655ece37baed0929462a86e72372fd25859047c/charset_normalizer-3.4.4-cp314-cp314-musllinux_1_2_x86_64.whl", hash = "sha256:99ae2cffebb06e6c22bdc25801d7b30f503cc87dbd283479e7b606f70aff57ec", size = 154044, upload-time = "2025-10-14T04:41:48.81Z" },
    { url = "https://files.pythonhosted.org/packages/b0/6f/8f7af07237c34a1defe7defc565a9bc1807762f672c0fde711a4b22bf9c0/charset_normalizer-3.4.4-cp314-cp314-win32.whl", hash = "sha256:f9d332f8c2a2fcbffe1378594431458ddbef721c1769d78e2cbc06280d8155f9", size = 99940, upload-time = "2025-10-14T04:41:49.946Z" },
    { url = "https://files.pythonhosted.org/packages/4b/51/8ade005e5ca5b0d80fb4aff72a3775b325bdc3d27408c8113811a7cbe640/charset_normalizer-3.4.4-cp314-cp314-win_amd64.whl", hash = "sha256:8a6562c3700cce886c5be75ade4a5db4214fda19fede41d9792d100288d8f94c", size = 107104, upload-time = "2025-10-14T04:41:51.051Z" },
    { url = "https://files.pythonhosted.org/packages/da/5f/6b8f83a55bb8278772c5ae54a577f3099025f9ade59d0136ac24a0df4bde/charset_normalizer-3.4.4-cp314-cp314-win_arm64.whl", hash = "sha256:de00632ca48df9daf77a2c65a484531649261ec9f25489917f09e455cb09ddb2", size = 100743, upload-time = "2025-10-14T04:41:52.122Z" },
    { url = "https://files.pythonhosted.org/packages/0a/4c/925909008ed5a988ccbb72dcc897407e5d6d3bd72410d69e051fc0c14647/charset_normalizer-3.4.4-py3-none-any.whl", hash = "sha256:7a32c560861a02ff789ad905a2fe94e3f840803362c84fecf1851cb4cf3dc37f", size = 53402, upload-time = "2025-10-14T04:42:31.76Z" },
]

[[package]]
name = "colorama"
version = "0.4.6"
source = { registry = "https://pypi.org/simple" }
sdist = { url = "https://files.pythonhosted.org/packages/d8/53/6f443c9a4a8358a93a6792e2acffb9d9d5cb0a5cfd8802644b7b1c9a02e4/colorama-0.4.6.tar.gz", hash = "sha256:08695f5cb7ed6e0531a20572697297273c47b8cae5a63ffc6d6ed5c201be6e44", size = 27697, upload-time = "2022-10-25T02:36:22.414Z" }
wheels = [
    { url = "https://files.pythonhosted.org/packages/d1/d6/3965ed04c63042e047cb6a3e6ed1a63a35087b6a609aa3a15ed8ac56c221/colorama-0.4.6-py2.py3-none-any.whl", hash = "sha256:4f1d9991f5acc0ca119f9d443620b77f9d6b33703e51011c16baf57afb285fc6", size = 25335, upload-time = "2022-10-25T02:36:20.889Z" },
]

[[package]]
name = "idna"
version = "3.11"
source = { registry = "https://pypi.org/simple" }
sdist = { url = "https://files.pythonhosted.org/packages/6f/6d/0703ccc57f3a7233505399edb88de3cbd678da106337b9fcde432b65ed60/idna-3.11.tar.gz", hash = "sha256:795dafcc9c04ed0c1fb032c2aa73654d8e8c5023a7df64a53f39190ada629902", size = 194582, upload-time = "2025-10-12T14:55:20.501Z" }
wheels = [
    { url = "https://files.pythonhosted.org/packages/0e/61/66938bbb5fc52dbdf84594873d5b51fb1f7c7794e9c0f5bd885f30bc507b/idna-3.11-py3-none-any.whl", hash = "sha256:771a87f49d9defaf64091e6e6fe9c18d4833f140bd19464795bc32d966ca37ea", size = 71008, upload-time = "2025-10-12T14:55:18.883Z" },
]

[[package]]
name = "iniconfig"
version = "2.3.0"
source = { registry = "https://pypi.org/simple" }
sdist = { url = "https://files.pythonhosted.org/packages/72/34/14ca021ce8e5dfedc35312d08ba8bf51fdd999c576889fc2c24cb97f4f10/iniconfig-2.3.0.tar.gz", hash = "sha256:c76315c77db068650d49c5b56314774a7804df16fee4402c1f19d6d15d8c4730", size = 20503, upload-time = "2025-10-18T21:55:43.219Z" }
wheels = [
    { url = "https://files.pythonhosted.org/packages/cb/b1/3846dd7f199d53cb17f49cba7e651e9ce294d8497c8c150530ed11865bb8/iniconfig-2.3.0-py3-none-any.whl", hash = "sha256:f631c04d2c48c52b84d0d0549c99ff3859c98df65b3101406327ecc7d53fbf12", size = 7484, upload-time = "2025-10-18T21:55:41.639Z" },
]

[[package]]
name = "packaging"
version = "26.0"
source = { registry = "https://pypi.org/simple" }
sdist = { url = "https://files.pythonhosted.org/packages/65/ee/299d360cdc32edc7d2cf530f3accf79c4fca01e96ffc950d8a52213bd8e4/packaging-26.0.tar.gz", hash = "sha256:00243ae351a257117b6a241061796684b084ed1c516a08c48a3f7e147a9d80b4", size = 143416, upload-time = "2026-01-21T20:50:39.064Z" }
wheels = [
    { url = "https://files.pythonhosted.org/packages/b7/b9/c538f279a4e237a006a2c98387d081e9eb060d203d8ed34467cc0f0b9b53/packaging-26.0-py3-none-any.whl", hash = "sha256:b36f1fef9334a5588b4166f8bcd26a14e521f2b55e6b9de3aaa80d3ff7a37529", size = 74366, upload-time = "2026-01-21T20:50:37.788Z" },
]

[[package]]
name = "pluggy"
version = "1.6.0"
source = { registry = "https://pypi.org/simple" }
sdist = { url = "https://files.pythonhosted.org/packages/f9/e2/3e91f31a7d2b083fe6ef3fa267035b518369d9511ffab804f839851d2779/pluggy-1.6.0.tar.gz", hash = "sha256:7dcc130b76258d33b90f61b658791dede3486c3e6bfb003ee5c9bfb396dd22f3", size = 69412, upload-time = "2025-05-15T12:30:07.975Z" }
wheels = [
    { url = "https://files.pythonhosted.org/packages/54/20/4d324d65cc6d9205fabedc306948156824eb9f0ee1633355a8f7ec5c66bf/pluggy-1.6.0-py3-none-any.whl", hash = "sha256:e920276dd6813095e9377c0bc5566d94c932c33b27a3e3945d8389c374dd4746", size = 20538, upload-time = "2025-05-15T12:30:06.134Z" },
]

[[package]]
name = "psutil"
version = "7.2.2"
source = { registry = "https://pypi.org/simple" }
sdist = { url = "https://files.pythonhosted.org/packages/aa/c6/d1ddf4abb55e93cebc4f2ed8b5d6dbad109ecb8d63748dd2b20ab5e57ebe/psutil-7.2.2.tar.gz", hash = "sha256:0746f5f8d406af344fd547f1c8daa5f5c33dbc293bb8d6a16d80b4bb88f59372", size = 493740, upload-time = "2026-01-28T18:14:54.428Z" }
wheels = [
    { url = "https://files.pythonhosted.org/packages/81/69/ef179ab5ca24f32acc1dac0c247fd6a13b501fd5534dbae0e05a1c48b66d/psutil-7.2.2-cp314-cp314t-macosx_10_15_x86_64.whl", hash = "sha256:eed63d3b4d62449571547b60578c5b2c4bcccc5387148db46e0c2313dad0ee00", size = 130664, upload-time = "2026-01-28T18:15:09.469Z" },
    { url = "https://files.pythonhosted.org/packages/7b/64/665248b557a236d3fa9efc378d60d95ef56dd0a490c2cd37dafc7660d4a9/psutil-7.2.2-cp314-cp314t-macosx_11_0_arm64.whl", hash = "sha256:7b6d09433a10592ce39b13d7be5a54fbac1d1228ed29abc880fb23df7cb694c9", size = 131087, upload-time = "2026-01-28T18:15:11.724Z" },
    { url = "https://files.pythonhosted.org/packages/d5/2e/e6782744700d6759ebce3043dcfa661fb61e2fb752b91cdeae9af12c2178/psutil-7.2.2-cp314-cp314t-manylinux2010_x86_64.manylinux_2_12_x86_64.manylinux_2_28_x86_64.whl", hash = "sha256:1fa4ecf83bcdf6e6c8f4449aff98eefb5d0604bf88cb883d7da3d8d2d909546a", size = 182383, upload-time = "2026-01-28T18:15:13.445Z" },
    { url = "https://files.pythonhosted.org/packages/57/49/0a41cefd10cb7505cdc04dab3eacf24c0c2cb158a998b8c7b1d27ee2c1f5/psutil-7.2.2-cp314-cp314t-manylinux2014_aarch64.manylinux_2_17_aarch64.manylinux_2_28_aarch64.whl", hash = "sha256:e452c464a02e7dc7822a05d25db4cde564444a67e58539a00f929c51eddda0cf", size = 185210, upload-time = "2026-01-28T18:15:16.002Z" },
    { url = "https://files.pythonhosted.org/packages/dd/2c/ff9bfb544f283ba5f83ba725a3c5fec6d6b10b8f27ac1dc641c473dc390d/psutil-7.2.2-cp314-cp314t-win_amd64.whl", hash = "sha256:c7663d4e37f13e884d13994247449e9f8f574bc4655d509c3b95e9ec9e2b9dc1", size = 141228, upload-time = "2026-01-28T18:15:18.385Z" },
    { url = "https://files.pythonhosted.org/packages/f2/fc/f8d9c31db14fcec13748d373e668bc3bed94d9077dbc17fb0eebc073233c/psutil-7.2.2-cp314-cp314t-win_arm64.whl", hash = "sha256:11fe5a4f613759764e79c65cf11ebdf26e33d6dd34336f8a337aa2996d71c841", size = 136284, upload-time = "2026-01-28T18:15:19.912Z" },
    { url = "https://files.pythonhosted.org/packages/e7/36/5ee6e05c9bd427237b11b3937ad82bb8ad2752d72c6969314590dd0c2f6e/psutil-7.2.2-cp36-abi3-macosx_10_9_x86_64.whl", hash = "sha256:ed0cace939114f62738d808fdcecd4c869222507e266e574799e9c0faa17d486", size = 129090, upload-time = "2026-01-28T18:15:22.168Z" },
    { url = "https://files.pythonhosted.org/packages/80/c4/f5af4c1ca8c1eeb2e92ccca14ce8effdeec651d5ab6053c589b074eda6e1/psutil-7.2.2-cp36-abi3-macosx_11_0_arm64.whl", hash = "sha256:1a7b04c10f32cc88ab39cbf606e117fd74721c831c98a27dc04578deb0c16979", size = 129859, upload-time = "2026-01-28T18:15:23.795Z" },
    { url = "https://files.pythonhosted.org/packages/b5/70/5d8df3b09e25bce090399cf48e452d25c935ab72dad19406c77f4e828045/psutil-7.2.2-cp36-abi3-manylinux2010_x86_64.manylinux_2_12_x86_64.manylinux_2_28_x86_64.whl", hash = "sha256:076a2d2f923fd4821644f5ba89f059523da90dc9014e85f8e45a5774ca5bc6f9", size = 155560, upload-time = "2026-01-28T18:15:25.976Z" },
    { url = "https://files.pythonhosted.org/packages/63/65/37648c0c158dc222aba51c089eb3bdfa238e621674dc42d48706e639204f/psutil-7.2.2-cp36-abi3-manylinux2014_aarch64.manylinux_2_17_aarch64.manylinux_2_28_aarch64.whl", hash = "sha256:b0726cecd84f9474419d67252add4ac0cd9811b04d61123054b9fb6f57df6e9e", size = 156997, upload-time = "2026-01-28T18:15:27.794Z" },
    { url = "https://files.pythonhosted.org/packages/8e/13/125093eadae863ce03c6ffdbae9929430d116a246ef69866dad94da3bfbc/psutil-7.2.2-cp36-abi3-musllinux_1_2_aarch64.whl", hash = "sha256:fd04ef36b4a6d599bbdb225dd1d3f51e00105f6d48a28f006da7f9822f2606d8", size = 148972, upload-time = "2026-01-28T18:15:29.342Z" },
    { url = "https://files.pythonhosted.org/packages/04/78/0acd37ca84ce3ddffaa92ef0f571e073faa6d8ff1f0559ab1272188ea2be/psutil-7.2.2-cp36-abi3-musllinux_1_2_x86_64.whl", hash = "sha256:b58fabe35e80b264a4e3bb23e6b96f9e45a3df7fb7eed419ac0e5947c61e47cc", size = 148266, upload-time = "2026-01-28T18:15:31.597Z" },
    { url = "https://files.pythonhosted.org/packages/b4/90/e2159492b5426be0c1fef7acba807a03511f97c5f86b3caeda6ad92351a7/psutil-7.2.2-cp37-abi3-win_amd64.whl", hash = "sha256:eb7e81434c8d223ec4a219b5fc1c47d0417b12be7ea866e24fb5ad6e84b3d988", size = 137737, upload-time = "2026-01-28T18:15:33.849Z" },
    { url = "https://files.pythonhosted.org/packages/8c/c7/7bb2e321574b10df20cbde462a94e2b71d05f9bbda251ef27d104668306a/psutil-7.2.2-cp37-abi3-win_arm64.whl", hash = "sha256:8c233660f575a5a89e6d4cb65d9f938126312bca76d8fe087b947b3a1aaac9ee", size = 134617, upload-time = "2026-01-28T18:15:36.514Z" },
]

[[package]]
name = "pygments"
version = "2.19.2"
source = { registry = "https://pypi.org/simple" }
sdist = { url = "https://files.pythonhosted.org/packages/b0/77/a5b8c569bf593b0140bde72ea885a803b82086995367bf2037de0159d924/pygments-2.19.2.tar.gz", hash = "sha256:636cb2477cec7f8952536970bc533bc43743542f70392ae026374600add5b887", size = 4968631, upload-time = "2025-06-21T13:39:12.283Z" }
wheels = [
    { url = "https://files.pythonhosted.org/packages/c7/21/705964c7812476f378728bdf590ca4b771ec72385c533964653c68e86bdc/pygments-2.19.2-py3-none-any.whl", hash = "sha256:86540386c03d588bb81d44bc3928634ff26449851e99741617ecb9037ee5ec0b", size = 1225217, upload-time = "2025-06-21T13:39:07.939Z" },
]

[[package]]
name = "pytest"
version = "9.0.2"
source = { registry = "https://pypi.org/simple" }
dependencies = [
    { name = "colorama", marker = "sys_platform == 'win32'" },
    { name = "iniconfig" },
    { name = "packaging" },
    { name = "pluggy" },
    { name = "pygments" },
]
sdist = { url = "https://files.pythonhosted.org/packages/d1/db/7ef3487e0fb0049ddb5ce41d3a49c235bf9ad299b6a25d5780a89f19230f/pytest-9.0.2.tar.gz", hash = "sha256:75186651a92bd89611d1d9fc20f0b4345fd827c41ccd5c299a868a05d70edf11", size = 1568901, upload-time = "2025-12-06T21:30:51.014Z" }
wheels = [
    { url = "https://files.pythonhosted.org/packages/3b/ab/b3226f0bd7cdcf710fbede2b3548584366da3b19b5021e74f5bde2a8fa3f/pytest-9.0.2-py3-none-any.whl", hash = "sha256:711ffd45bf766d5264d487b917733b453d917afd2b0ad65223959f59089f875b", size = 374801, upload-time = "2025-12-06T21:30:49.154Z" },
]

[[package]]
name = "regex"
version = "2026.2.19"
source = { registry = "https://pypi.org/simple" }
sdist = { url = "https://files.pythonhosted.org/packages/ff/c0/d8079d4f6342e4cec5c3e7d7415b5cd3e633d5f4124f7a4626908dbe84c7/regex-2026.2.19.tar.gz", hash = "sha256:6fb8cb09b10e38f3ae17cc6dc04a1df77762bd0351b6ba9041438e7cc85ec310", size = 414973, upload-time = "2026-02-19T19:03:47.899Z" }
wheels = [
    { url = "https://files.pythonhosted.org/packages/2d/e2/7ad4e76a6dddefc0d64dbe12a4d3ca3947a19ddc501f864a5df2a8222ddd/regex-2026.2.19-cp314-cp314-macosx_10_13_universal2.whl", hash = "sha256:03d191a9bcf94d31af56d2575210cb0d0c6a054dbcad2ea9e00aa4c42903b919", size = 489306, upload-time = "2026-02-19T19:02:29.058Z" },
    { url = "https://files.pythonhosted.org/packages/14/95/ee1736135733afbcf1846c58671046f99c4d5170102a150ebb3dd8d701d9/regex-2026.2.19-cp314-cp314-macosx_10_13_x86_64.whl", hash = "sha256:516ee067c6c721d0d0bfb80a2004edbd060fffd07e456d4e1669e38fe82f922e", size = 291218, upload-time = "2026-02-19T19:02:31.083Z" },
    { url = "https://files.pythonhosted.org/packages/ef/08/180d1826c3d7065200a5168c6b993a44947395c7bb6e04b2c2a219c34225/regex-2026.2.19-cp314-cp314-macosx_11_0_arm64.whl", hash = "sha256:997862c619994c4a356cb7c3592502cbd50c2ab98da5f61c5c871f10f22de7e5", size = 289097, upload-time = "2026-02-19T19:02:33.485Z" },
    { url = "https://files.pythonhosted.org/packages/28/93/0651924c390c5740f5f896723f8ddd946a6c63083a7d8647231c343912ff/regex-2026.2.19-cp314-cp314-manylinux2014_aarch64.manylinux_2_17_aarch64.manylinux_2_28_aarch64.whl", hash = "sha256:02b9e1b8a7ebe2807cd7bbdf662510c8e43053a23262b9f46ad4fc2dfc9d204e", size = 799147, upload-time = "2026-02-19T19:02:35.669Z" },
    { url = "https://files.pythonhosted.org/packages/a7/00/2078bd8bcd37d58a756989adbfd9f1d0151b7ca4085a9c2a07e917fbac61/regex-2026.2.19-cp314-cp314-manylinux2014_ppc64le.manylinux_2_17_ppc64le.manylinux_2_28_ppc64le.whl", hash = "sha256:6c8fb3b19652e425ff24169dad3ee07f99afa7996caa9dfbb3a9106cd726f49a", size = 865239, upload-time = "2026-02-19T19:02:38.012Z" },
    { url = "https://files.pythonhosted.org/packages/2a/13/75195161ec16936b35a365fa8c1dd2ab29fd910dd2587765062b174d8cfc/regex-2026.2.19-cp314-cp314-manylinux2014_s390x.manylinux_2_17_s390x.manylinux_2_28_s390x.whl", hash = "sha256:50f1ee9488dd7a9fda850ec7c68cad7a32fa49fd19733f5403a3f92b451dcf73", size = 911904, upload-time = "2026-02-19T19:02:40.737Z" },
    { url = "https://files.pythonhosted.org/packages/96/72/ac42f6012179343d1c4bd0ffee8c948d841cb32ea188d37e96d80527fcc9/regex-2026.2.19-cp314-cp314-manylinux2014_x86_64.manylinux_2_17_x86_64.manylinux_2_28_x86_64.whl", hash = "sha256:ab780092b1424d13200aa5a62996e95f65ee3db8509be366437439cdc0af1a9f", size = 803518, upload-time = "2026-02-19T19:02:42.923Z" },
    { url = "https://files.pythonhosted.org/packages/bc/d1/75a08e2269b007b9783f0f86aa64488e023141219cb5f14dc1e69cda56c6/regex-2026.2.19-cp314-cp314-manylinux_2_31_riscv64.manylinux_2_39_riscv64.whl", hash = "sha256:17648e1a88e72d88641b12635e70e6c71c5136ba14edba29bf8fc6834005a265", size = 775866, upload-time = "2026-02-19T19:02:45.189Z" },
    { url = "https://files.pythonhosted.org/packages/92/41/70e7d05faf6994c2ca7a9fcaa536da8f8e4031d45b0ec04b57040ede201f/regex-2026.2.19-cp314-cp314-musllinux_1_2_aarch64.whl", hash = "sha256:2f914ae8c804c8a8a562fe216100bc156bfb51338c1f8d55fe32cf407774359a", size = 788224, upload-time = "2026-02-19T19:02:47.804Z" },
    { url = "https://files.pythonhosted.org/packages/c8/83/34a2dd601f9deb13c20545c674a55f4a05c90869ab73d985b74d639bac43/regex-2026.2.19-cp314-cp314-musllinux_1_2_ppc64le.whl", hash = "sha256:c7e121a918bbee3f12ac300ce0a0d2f2c979cf208fb071ed8df5a6323281915c", size = 859682, upload-time = "2026-02-19T19:02:50.583Z" },
    { url = "https://files.pythonhosted.org/packages/8e/30/136db9a09a7f222d6e48b806f3730e7af6499a8cad9c72ac0d49d52c746e/regex-2026.2.19-cp314-cp314-musllinux_1_2_riscv64.whl", hash = "sha256:2fedd459c791da24914ecc474feecd94cf7845efb262ac3134fe27cbd7eda799", size = 764223, upload-time = "2026-02-19T19:02:52.777Z" },
    { url = "https://files.pythonhosted.org/packages/9e/ea/bb947743c78a16df481fa0635c50aa1a439bb80b0e6dc24cd4e49c716679/regex-2026.2.19-cp314-cp314-musllinux_1_2_s390x.whl", hash = "sha256:ea8dfc99689240e61fb21b5fc2828f68b90abf7777d057b62d3166b7c1543c4c", size = 850101, upload-time = "2026-02-19T19:02:55.87Z" },
    { url = "https://files.pythonhosted.org/packages/25/27/e3bfe6e97a99f7393665926be02fef772da7f8aa59e50bc3134e4262a032/regex-2026.2.19-cp314-cp314-musllinux_1_2_x86_64.whl", hash = "sha256:9fff45852160960f29e184ec8a5be5ab4063cfd0b168d439d1fc4ac3744bf29e", size = 789904, upload-time = "2026-02-19T19:02:58.523Z" },
    { url = "https://files.pythonhosted.org/packages/84/7b/7e2be6f00cea59d08761b027ad237002e90cac74b1607200ebaa2ba3d586/regex-2026.2.19-cp314-cp314-win32.whl", hash = "sha256:5390b130cce14a7d1db226a3896273b7b35be10af35e69f1cca843b6e5d2bb2d", size = 271784, upload-time = "2026-02-19T19:03:00.418Z" },
    { url = "https://files.pythonhosted.org/packages/f7/f6/639911530335773e7ec60bcaa519557b719586024c1d7eaad1daf87b646b/regex-2026.2.19-cp314-cp314-win_amd64.whl", hash = "sha256:e581f75d5c0b15669139ca1c2d3e23a65bb90e3c06ba9d9ea194c377c726a904", size = 280506, upload-time = "2026-02-19T19:03:02.302Z" },
    { url = "https://files.pythonhosted.org/packages/cd/ec/2582b56b4e036d46bb9b5d74a18548439ffa16c11cf59076419174d80f48/regex-2026.2.19-cp314-cp314-win_arm64.whl", hash = "sha256:7187fdee1be0896c1499a991e9bf7c78e4b56b7863e7405d7bb687888ac10c4b", size = 273557, upload-time = "2026-02-19T19:03:04.836Z" },
    { url = "https://files.pythonhosted.org/packages/49/0b/f901cfeb4efd83e4f5c3e9f91a6de77e8e5ceb18555698aca3a27e215ed3/regex-2026.2.19-cp314-cp314t-macosx_10_13_universal2.whl", hash = "sha256:5ec1d7c080832fdd4e150c6f5621fe674c70c63b3ae5a4454cebd7796263b175", size = 492196, upload-time = "2026-02-19T19:03:08.188Z" },
    { url = "https://files.pythonhosted.org/packages/94/0a/349b959e3da874e15eda853755567b4cde7e5309dbb1e07bfe910cfde452/regex-2026.2.19-cp314-cp314t-macosx_10_13_x86_64.whl", hash = "sha256:8457c1bc10ee9b29cdfd897ccda41dce6bde0e9abd514bcfef7bcd05e254d411", size = 292878, upload-time = "2026-02-19T19:03:10.272Z" },
    { url = "https://files.pythonhosted.org/packages/98/b0/9d81b3c2c5ddff428f8c506713737278979a2c476f6e3675a9c51da0c389/regex-2026.2.19-cp314-cp314t-macosx_11_0_arm64.whl", hash = "sha256:cce8027010d1ffa3eb89a0b19621cdc78ae548ea2b49fea1f7bfb3ea77064c2b", size = 291235, upload-time = "2026-02-19T19:03:12.5Z" },
    { url = "https://files.pythonhosted.org/packages/04/e7/be7818df8691dbe9508c381ea2cc4c1153e4fdb1c4b06388abeaa93bd712/regex-2026.2.19-cp314-cp314t-manylinux2014_aarch64.manylinux_2_17_aarch64.manylinux_2_28_aarch64.whl", hash = "sha256:11c138febb40546ff9e026dbbc41dc9fb8b29e61013fa5848ccfe045f5b23b83", size = 807893, upload-time = "2026-02-19T19:03:15.064Z" },
    { url = "https://files.pythonhosted.org/packages/0c/b6/b898a8b983190cfa0276031c17beb73cfd1db07c03c8c37f606d80b655e2/regex-2026.2.19-cp314-cp314t-manylinux2014_ppc64le.manylinux_2_17_ppc64le.manylinux_2_28_ppc64le.whl", hash = "sha256:74ff212aa61532246bb3036b3dfea62233414b0154b8bc3676975da78383cac3", size = 873696, upload-time = "2026-02-19T19:03:17.848Z" },
    { url = "https://files.pythonhosted.org/packages/1a/98/126ba671d54f19080ec87cad228fb4f3cc387fff8c4a01cb4e93f4ff9d94/regex-2026.2.19-cp314-cp314t-manylinux2014_s390x.manylinux_2_17_s390x.manylinux_2_28_s390x.whl", hash = "sha256:d00c95a2b6bfeb3ea1cb68d1751b1dfce2b05adc2a72c488d77a780db06ab867", size = 915493, upload-time = "2026-02-19T19:03:20.343Z" },
    { url = "https://files.pythonhosted.org/packages/b2/10/550c84a1a1a7371867fe8be2bea7df55e797cbca4709974811410e195c5d/regex-2026.2.19-cp314-cp314t-manylinux2014_x86_64.manylinux_2_17_x86_64.manylinux_2_28_x86_64.whl", hash = "sha256:311fcccb76af31be4c588d5a17f8f1a059ae8f4b097192896ebffc95612f223a", size = 813094, upload-time = "2026-02-19T19:03:23.287Z" },
    { url = "https://files.pythonhosted.org/packages/29/fb/ba221d2fc76a27b6b7d7a60f73a7a6a7bac21c6ba95616a08be2bcb434b0/regex-2026.2.19-cp314-cp314t-manylinux_2_31_riscv64.manylinux_2_39_riscv64.whl", hash = "sha256:77cfd6b5e7c4e8bf7a39d243ea05882acf5e3c7002b0ef4756de6606893b0ecd", size = 781583, upload-time = "2026-02-19T19:03:26.872Z" },
    { url = "https://files.pythonhosted.org/packages/26/f1/af79231301297c9e962679efc04a31361b58dc62dec1fc0cb4b8dd95956a/regex-2026.2.19-cp314-cp314t-musllinux_1_2_aarch64.whl", hash = "sha256:6380f29ff212ec922b6efb56100c089251940e0526a0d05aa7c2d9b571ddf2fe", size = 795875, upload-time = "2026-02-19T19:03:29.223Z" },
    { url = "https://files.pythonhosted.org/packages/a0/90/1e1d76cb0a2d0a4f38a039993e1c5cd971ae50435d751c5bae4f10e1c302/regex-2026.2.19-cp314-cp314t-musllinux_1_2_ppc64le.whl", hash = "sha256:655f553a1fa3ab8a7fd570eca793408b8d26a80bfd89ed24d116baaf13a38969", size = 868916, upload-time = "2026-02-19T19:03:31.415Z" },
    { url = "https://files.pythonhosted.org/packages/9a/67/a1c01da76dbcfed690855a284c665cc0a370e7d02d1bd635cf9ff7dd74b8/regex-2026.2.19-cp314-cp314t-musllinux_1_2_riscv64.whl", hash = "sha256:015088b8558502f1f0bccd58754835aa154a7a5b0bd9d4c9b7b96ff4ae9ba876", size = 770386, upload-time = "2026-02-19T19:03:33.972Z" },
    { url = "https://files.pythonhosted.org/packages/49/6f/94842bf294f432ff3836bfd91032e2ecabea6d284227f12d1f935318c9c4/regex-2026.2.19-cp314-cp314t-musllinux_1_2_s390x.whl", hash = "sha256:9e6693b8567a59459b5dda19104c4a4dbbd4a1c78833eacc758796f2cfef1854", size = 855007, upload-time = "2026-02-19T19:03:36.238Z" },
    { url = "https://files.pythonhosted.org/packages/ff/93/393cd203ca0d1d368f05ce12d2c7e91a324bc93c240db2e6d5ada05835f4/regex-2026.2.19-cp314-cp314t-musllinux_1_2_x86_64.whl", hash = "sha256:4071209fd4376ab5ceec72ad3507e9d3517c59e38a889079b98916477a871868", size = 799863, upload-time = "2026-02-19T19:03:38.497Z" },
    { url = "https://files.pythonhosted.org/packages/43/d9/35afda99bd92bf1a5831e55a4936d37ea4bed6e34c176a3c2238317faf4f/regex-2026.2.19-cp314-cp314t-win32.whl", hash = "sha256:2905ff4a97fad42f2d0834d8b1ea3c2f856ec209837e458d71a061a7d05f9f01", size = 274742, upload-time = "2026-02-19T19:03:40.804Z" },
    { url = "https://files.pythonhosted.org/packages/ae/42/7edc3344dcc87b698e9755f7f685d463852d481302539dae07135202d3ca/regex-2026.2.19-cp314-cp314t-win_amd64.whl", hash = "sha256:64128549b600987e0f335c2365879895f860a9161f283b14207c800a6ed623d3", size = 284443, upload-time = "2026-02-19T19:03:42.954Z" },
    { url = "https://files.pythonhosted.org/packages/3a/45/affdf2d851b42adf3d13fc5b3b059372e9bd299371fd84cf5723c45871fa/regex-2026.2.19-cp314-cp314t-win_arm64.whl", hash = "sha256:a09ae430e94c049dc6957f6baa35ee3418a3a77f3c12b6e02883bd80a2b679b0", size = 274932, upload-time = "2026-02-19T19:03:45.488Z" },
]

[[package]]
name = "requests"
version = "2.32.5"
source = { registry = "https://pypi.org/simple" }
dependencies = [
    { name = "certifi" },
    { name = "charset-normalizer" },
    { name = "idna" },
    { name = "urllib3" },
]
sdist = { url = "https://files.pythonhosted.org/packages/c9/74/b3ff8e6c8446842c3f5c837e9c3dfcfe2018ea6ecef224c710c85ef728f4/requests-2.32.5.tar.gz", hash = "sha256:dbba0bac56e100853db0ea71b82b4dfd5fe2bf6d3754a8893c3af500cec7d7cf", size = 134517, upload-time = "2025-08-18T20:46:02.573Z" }
wheels = [
    { url = "https://files.pythonhosted.org/packages/1e/db/4254e3eabe8020b458f1a747140d32277ec7a271daf1d235b70dc0b4e6e3/requests-2.32.5-py3-none-any.whl", hash = "sha256:2462f94637a34fd532264295e186976db0f5d453d1cdd31473c85a6a161affb6", size = 64738, upload-time = "2025-08-18T20:46:00.542Z" },
]

[[package]]
name = "tiktoken"
version = "0.12.0"
source = { registry = "https://pypi.org/simple" }
dependencies = [
    { name = "regex" },
    { name = "requests" },
]
sdist = { url = "https://files.pythonhosted.org/packages/7d/ab/4d017d0f76ec3171d469d80fc03dfbb4e48a4bcaddaa831b31d526f05edc/tiktoken-0.12.0.tar.gz", hash = "sha256:b18ba7ee2b093863978fcb14f74b3707cdc8d4d4d3836853ce7ec60772139931", size = 37806, upload-time = "2025-10-06T20:22:45.419Z" }
wheels = [
    { url = "https://files.pythonhosted.org/packages/72/05/3abc1db5d2c9aadc4d2c76fa5640134e475e58d9fbb82b5c535dc0de9b01/tiktoken-0.12.0-cp314-cp314-macosx_10_13_x86_64.whl", hash = "sha256:a90388128df3b3abeb2bfd1895b0681412a8d7dc644142519e6f0a97c2111646", size = 1050188, upload-time = "2025-10-06T20:22:19.563Z" },
    { url = "https://files.pythonhosted.org/packages/e3/7b/50c2f060412202d6c95f32b20755c7a6273543b125c0985d6fa9465105af/tiktoken-0.12.0-cp314-cp314-macosx_11_0_arm64.whl", hash = "sha256:da900aa0ad52247d8794e307d6446bd3cdea8e192769b56276695d34d2c9aa88", size = 993978, upload-time = "2025-10-06T20:22:20.702Z" },
    { url = "https://files.pythonhosted.org/packages/14/27/bf795595a2b897e271771cd31cb847d479073497344c637966bdf2853da1/tiktoken-0.12.0-cp314-cp314-manylinux_2_28_aarch64.whl", hash = "sha256:285ba9d73ea0d6171e7f9407039a290ca77efcdb026be7769dccc01d2c8d7fff", size = 1129271, upload-time = "2025-10-06T20:22:22.06Z" },
    { url = "https://files.pythonhosted.org/packages/f5/de/9341a6d7a8f1b448573bbf3425fa57669ac58258a667eb48a25dfe916d70/tiktoken-0.12.0-cp314-cp314-manylinux_2_28_x86_64.whl", hash = "sha256:d186a5c60c6a0213f04a7a802264083dea1bbde92a2d4c7069e1a56630aef830", size = 1151216, upload-time = "2025-10-06T20:22:23.085Z" },
    { url = "https://files.pythonhosted.org/packages/75/0d/881866647b8d1be4d67cb24e50d0c26f9f807f994aa1510cb9ba2fe5f612/tiktoken-0.12.0-cp314-cp314-musllinux_1_2_aarch64.whl", hash = "sha256:604831189bd05480f2b885ecd2d1986dc7686f609de48208ebbbddeea071fc0b", size = 1194860, upload-time = "2025-10-06T20:22:24.602Z" },
    { url = "https://files.pythonhosted.org/packages/b3/1e/b651ec3059474dab649b8d5b69f5c65cd8fcd8918568c1935bd4136c9392/tiktoken-0.12.0-cp314-cp314-musllinux_1_2_x86_64.whl", hash = "sha256:8f317e8530bb3a222547b85a58583238c8f74fd7a7408305f9f63246d1a0958b", size = 1254567, upload-time = "2025-10-06T20:22:25.671Z" },
    { url = "https://files.pythonhosted.org/packages/80/57/ce64fd16ac390fafde001268c364d559447ba09b509181b2808622420eec/tiktoken-0.12.0-cp314-cp314-win_amd64.whl", hash = "sha256:399c3dd672a6406719d84442299a490420b458c44d3ae65516302a99675888f3", size = 921067, upload-time = "2025-10-06T20:22:26.753Z" },
    { url = "https://files.pythonhosted.org/packages/ac/a4/72eed53e8976a099539cdd5eb36f241987212c29629d0a52c305173e0a68/tiktoken-0.12.0-cp314-cp314t-macosx_10_13_x86_64.whl", hash = "sha256:c2c714c72bc00a38ca969dae79e8266ddec999c7ceccd603cc4f0d04ccd76365", size = 1050473, upload-time = "2025-10-06T20:22:27.775Z" },
    { url = "https://files.pythonhosted.org/packages/e6/d7/0110b8f54c008466b19672c615f2168896b83706a6611ba6e47313dbc6e9/tiktoken-0.12.0-cp314-cp314t-macosx_11_0_arm64.whl", hash = "sha256:cbb9a3ba275165a2cb0f9a83f5d7025afe6b9d0ab01a22b50f0e74fee2ad253e", size = 993855, upload-time = "2025-10-06T20:22:28.799Z" },
    { url = "https://files.pythonhosted.org/packages/5f/77/4f268c41a3957c418b084dd576ea2fad2e95da0d8e1ab705372892c2ca22/tiktoken-0.12.0-cp314-cp314t-manylinux_2_28_aarch64.whl", hash = "sha256:dfdfaa5ffff8993a3af94d1125870b1d27aed7cb97aa7eb8c1cefdbc87dbee63", size = 1129022, upload-time = "2025-10-06T20:22:29.981Z" },
    { url = "https://files.pythonhosted.org/packages/4e/2b/fc46c90fe5028bd094cd6ee25a7db321cb91d45dc87531e2bdbb26b4867a/tiktoken-0.12.0-cp314-cp314t-manylinux_2_28_x86_64.whl", hash = "sha256:584c3ad3d0c74f5269906eb8a659c8bfc6144a52895d9261cdaf90a0ae5f4de0", size = 1150736, upload-time = "2025-10-06T20:22:30.996Z" },
    { url = "https://files.pythonhosted.org/packages/28/c0/3c7a39ff68022ddfd7d93f3337ad90389a342f761c4d71de99a3ccc57857/tiktoken-0.12.0-cp314-cp314t-musllinux_1_2_aarch64.whl", hash = "sha256:54c891b416a0e36b8e2045b12b33dd66fb34a4fe7965565f1b482da50da3e86a", size = 1194908, upload-time = "2025-10-06T20:22:32.073Z" },
    { url = "https://files.pythonhosted.org/packages/ab/0d/c1ad6f4016a3968c048545f5d9b8ffebf577774b2ede3e2e352553b685fe/tiktoken-0.12.0-cp314-cp314t-musllinux_1_2_x86_64.whl", hash = "sha256:5edb8743b88d5be814b1a8a8854494719080c28faaa1ccbef02e87354fe71ef0", size = 1253706, upload-time = "2025-10-06T20:22:33.385Z" },
    { url = "https://files.pythonhosted.org/packages/af/df/c7891ef9d2712ad774777271d39fdef63941ffba0a9d59b7ad1fd2765e57/tiktoken-0.12.0-cp314-cp314t-win_amd64.whl", hash = "sha256:f61c0aea5565ac82e2ec50a05e02a6c44734e91b51c10510b084ea1b8e633a71", size = 920667, upload-time = "2025-10-06T20:22:34.444Z" },
]

[[package]]
name = "urllib3"
version = "2.6.3"
source = { registry = "https://pypi.org/simple" }
sdist = { url = "https://files.pythonhosted.org/packages/c7/24/5f1b3bdffd70275f6661c76461e25f024d5a38a46f04aaca912426a2b1d3/urllib3-2.6.3.tar.gz", hash = "sha256:1b62b6884944a57dbe321509ab94fd4d3b307075e0c2eae991ac71ee15ad38ed", size = 435556, upload-time = "2026-01-07T16:24:43.925Z" }
wheels = [
    { url = "https://files.pythonhosted.org/packages/39/08/aaaad47bc4e9dc8c725e68f9d04865dbcb2052843ff09c97b08904852d84/urllib3-2.6.3-py3-none-any.whl", hash = "sha256:bf272323e553dfb2e87d9bfd225ca7b0f467b919d7bbd355436d3fd37cb0acd4", size = 131584, upload-time = "2026-01-07T16:24:42.685Z" },
]
